
Microsoft Visual Studio Solution File, Format Version 12.00
# Visual Studio 15
VisualStudioVersion = 15.0.26228.10
MinimumVisualStudioVersion = 10.0.40219.1
Project("{2150E333-8FDC-42A3-9474-1A3956D46DE8}") = "Solution Items", "Solution Items", "{AEED3B5D-F786-4DCD-8D28-AF198C25C52D}"
	ProjectSection(SolutionItems) = preProject
		.gitignore = .gitignore
	EndProjectSection
EndProject
Project("{2150E333-8FDC-42A3-9474-1A3956D46DE8}") = "src", "src", "{76C1A6FF-74F0-4474-A6EB-2593B93C2874}"
EndProject
Project("{2150E333-8FDC-42A3-9474-1A3956D46DE8}") = "test", "test", "{8978B5AE-BAF8-41A9-91F9-E80CEFE15E6E}"
EndProject
Project("{00D1A9C2-B5F0-4AF3-8072-F6C62B433612}") = "Jering.VectorArtKit.Database", "src\Jering.VectorArtKit.Database\Jering.VectorArtKit.Database.sqlproj", "{C0564FAF-A954-4B58-AAB3-E176CE97BC35}"
EndProject
Project("{9A19103F-16F7-4668-BE54-9A1E7A4F7556}") = "Jering.VectorArtKit.WebApi", "src\Jering.VectorArtKit.WebApi\Jering.VectorArtKit.WebApi.csproj", "{A9C1E71F-CD6D-403D-A716-B287B74D4E82}"
EndProject
Project("{9A19103F-16F7-4668-BE54-9A1E7A4F7556}") = "Jering.Accounts.DatabaseInterface", "src\Jering.Accounts.DatabaseInterface\Jering.Accounts.DatabaseInterface.csproj", "{DBDEE019-4817-4027-A068-AC510C3325E7}"
EndProject
Project("{9A19103F-16F7-4668-BE54-9A1E7A4F7556}") = "Jering.VectorArtKit.DatabaseInterface.Tests", "test\Jering.VectorArtKit.DatabaseInterface.Tests\Jering.VectorArtKit.DatabaseInterface.Tests.csproj", "{10F447A8-2224-44FA-9565-5F3724EBBF23}"
EndProject
Project("{9A19103F-16F7-4668-BE54-9A1E7A4F7556}") = "Jering.Security", "src\Jering.Security\Jering.Security.csproj", "{D333B72F-BACC-46DF-B153-E1F17F0CBFEB}"
EndProject
Project("{9A19103F-16F7-4668-BE54-9A1E7A4F7556}") = "Jering.Security.Tests", "test\Jering.Security.Tests\Jering.Security.Tests.csproj", "{30AD707D-F8D3-4D13-BE73-222BEDA8C365}"
EndProject
Project("{9A19103F-16F7-4668-BE54-9A1E7A4F7556}") = "Jering.VectorArtKit.WebApi.Tests", "test\Jering.VectorArtKit.WebApi.Tests\Jering.VectorArtKit.WebApi.Tests.csproj", "{E14F8A5D-64E2-42B4-B5D4-E43588C00EF4}"
EndProject
Project("{9A19103F-16F7-4668-BE54-9A1E7A4F7556}") = "Jering.VectorArtKit.DatabaseInterface", "src\Jering.VectorArtKit.DatabaseInterface\Jering.VectorArtKit.DatabaseInterface.csproj", "{53220B05-143A-4686-8E63-30B58A82D3C3}"
EndProject
Project("{9A19103F-16F7-4668-BE54-9A1E7A4F7556}") = "Jering.DataAnnotations", "src\Jering.DataAnnotations\Jering.DataAnnotations.csproj", "{1747DFA1-2D71-4666-A629-7460C67FBFFB}"
EndProject
Project("{9A19103F-16F7-4668-BE54-9A1E7A4F7556}") = "Jering.DataAnnotations.Tests", "test\Jering.DataAnnotations.Tests\Jering.DataAnnotations.Tests.csproj", "{89229A9D-F465-4FCA-8E8F-9A4D61009158}"
EndProject
Project("{9A19103F-16F7-4668-BE54-9A1E7A4F7556}") = "Jering.Mail", "src\Jering.Mail\Jering.Mail.csproj", "{9E03C554-A038-4328-9053-7C65AD08E9CC}"
EndProject
Project("{9A19103F-16F7-4668-BE54-9A1E7A4F7556}") = "Jering.Mail.Tests", "test\Jering.Mail.Tests\Jering.Mail.Tests.csproj", "{521E8077-86AA-4BA8-9ECB-05FCB2C241F0}"
EndProject
Project("{9A19103F-16F7-4668-BE54-9A1E7A4F7556}") = "Jering.DynamicForms", "src\Jering.DynamicForms\Jering.DynamicForms.csproj", "{E5356355-2687-4738-9456-368824112988}"
EndProject
Project("{9A19103F-16F7-4668-BE54-9A1E7A4F7556}") = "Jering.DynamicForms.Tests", "test\Jering.DynamicForms.Tests\Jering.DynamicForms.Tests.csproj", "{987D60F4-915F-4386-A216-09043838C6F1}"
EndProject
Project("{9A19103F-16F7-4668-BE54-9A1E7A4F7556}") = "jering-vectorartkit-webclient", "src\jering-vectorartkit-webclient\jering-vectorartkit-webclient.csproj", "{408B0629-E225-4D5A-97C7-9F4B62051961}"
EndProject
Project("{9A19103F-16F7-4668-BE54-9A1E7A4F7556}") = "Jering.Utilities", "src\Jering.Utilities\Jering.Utilities.csproj", "{40AAD063-D8C2-459D-B546-FF4043CAB85E}"
EndProject
Project("{9A19103F-16F7-4668-BE54-9A1E7A4F7556}") = "Jering.VectorArtKit.Tests", "test\Jering.VectorArtKit.Tests\Jering.VectorArtKit.Tests.csproj", "{E4D4480A-BBDB-448C-AE21-6E918B008119}"
EndProject
Project("{9A19103F-16F7-4668-BE54-9A1E7A4F7556}") = "Jering.Utilities.Tests", "test\Jering.Utilities.Tests\Jering.Utilities.Tests.csproj", "{FB450CBA-5790-4BC1-A202-220D09165B74}"
EndProject
Project("{9A19103F-16F7-4668-BE54-9A1E7A4F7556}") = "Jering.Accounts", "src\Jering.Accounts\Jering.Accounts.csproj", "{835B48E5-2A12-43D1-AE35-F63D27E18CD2}"
EndProject
Project("{9A19103F-16F7-4668-BE54-9A1E7A4F7556}") = "Jering.Accounts.Tests", "test\Jering.Accounts.Tests\Jering.Accounts.Tests.csproj", "{D039CB30-3C11-4355-A178-16E1887824EF}"
EndProject
Project("{9A19103F-16F7-4668-BE54-9A1E7A4F7556}") = "Jering.Accounts.DatabaseInterface.EfCore", "src\Jering.Accounts.DatabaseInterface.EfCore\Jering.Accounts.DatabaseInterface.EfCore.csproj", "{937AF00E-0861-45F5-9E59-A20F00A39867}"
EndProject
Project("{9A19103F-16F7-4668-BE54-9A1E7A4F7556}") = "Jering.Mvc", "src\Jering.Mvc\Jering.Mvc.csproj", "{31961EF6-636A-45C0-AE22-2953D168E6E5}"
EndProject
Project("{9A19103F-16F7-4668-BE54-9A1E7A4F7556}") = "Jering.VectorArtKit.Database.ModelGenerator", "src\Jering.VectorArtKit.Database.ModelGenerator\Jering.VectorArtKit.Database.ModelGenerator.csproj", "{478F870D-C752-4672-9B9E-0D353181AF22}"
EndProject
Project("{9A19103F-16F7-4668-BE54-9A1E7A4F7556}") = "Jering.VectorArtKit.Search", "src\Jering.VectorArtKit.Search\Jering.VectorArtKit.Search.csproj", "{80F7EC1B-7340-4AB3-A777-C5A1F4DDA737}"
EndProject
Project("{9A19103F-16F7-4668-BE54-9A1E7A4F7556}") = "Jering.Etl.Rdb2Es", "src\Jering.Etl.Rdb2Es\Jering.Etl.Rdb2Es.csproj", "{3CAC0D37-D71F-4F04-90CF-E6FD0545A451}"
EndProject
Project("{9A19103F-16F7-4668-BE54-9A1E7A4F7556}") = "Jering.Etl.Rdb2Es.Tests", "test\Jering.Etl.Rdb2Es.Tests\Jering.Etl.Rdb2Es.Tests.csproj", "{E761BE0F-19CF-428E-ACCB-AE0181157323}"
EndProject
Global
	GlobalSection(SolutionConfigurationPlatforms) = preSolution
		Debug|Any CPU = Debug|Any CPU
		Release|Any CPU = Release|Any CPU
	EndGlobalSection
	GlobalSection(ProjectConfigurationPlatforms) = postSolution
		{C0564FAF-A954-4B58-AAB3-E176CE97BC35}.Debug|Any CPU.ActiveCfg = Debug|Any CPU
		{C0564FAF-A954-4B58-AAB3-E176CE97BC35}.Debug|Any CPU.Build.0 = Debug|Any CPU
		{C0564FAF-A954-4B58-AAB3-E176CE97BC35}.Debug|Any CPU.Deploy.0 = Debug|Any CPU
		{C0564FAF-A954-4B58-AAB3-E176CE97BC35}.Release|Any CPU.ActiveCfg = Release|Any CPU
		{C0564FAF-A954-4B58-AAB3-E176CE97BC35}.Release|Any CPU.Build.0 = Release|Any CPU
		{C0564FAF-A954-4B58-AAB3-E176CE97BC35}.Release|Any CPU.Deploy.0 = Release|Any CPU
		{A9C1E71F-CD6D-403D-A716-B287B74D4E82}.Debug|Any CPU.ActiveCfg = Debug|Any CPU
		{A9C1E71F-CD6D-403D-A716-B287B74D4E82}.Debug|Any CPU.Build.0 = Debug|Any CPU
		{A9C1E71F-CD6D-403D-A716-B287B74D4E82}.Release|Any CPU.ActiveCfg = Release|Any CPU
		{A9C1E71F-CD6D-403D-A716-B287B74D4E82}.Release|Any CPU.Build.0 = Release|Any CPU
		{DBDEE019-4817-4027-A068-AC510C3325E7}.Debug|Any CPU.ActiveCfg = Debug|Any CPU
		{DBDEE019-4817-4027-A068-AC510C3325E7}.Debug|Any CPU.Build.0 = Debug|Any CPU
		{DBDEE019-4817-4027-A068-AC510C3325E7}.Release|Any CPU.ActiveCfg = Release|Any CPU
		{DBDEE019-4817-4027-A068-AC510C3325E7}.Release|Any CPU.Build.0 = Release|Any CPU
		{10F447A8-2224-44FA-9565-5F3724EBBF23}.Debug|Any CPU.ActiveCfg = Debug|Any CPU
		{10F447A8-2224-44FA-9565-5F3724EBBF23}.Debug|Any CPU.Build.0 = Debug|Any CPU
		{10F447A8-2224-44FA-9565-5F3724EBBF23}.Release|Any CPU.ActiveCfg = Release|Any CPU
		{10F447A8-2224-44FA-9565-5F3724EBBF23}.Release|Any CPU.Build.0 = Release|Any CPU
		{D333B72F-BACC-46DF-B153-E1F17F0CBFEB}.Debug|Any CPU.ActiveCfg = Debug|Any CPU
		{D333B72F-BACC-46DF-B153-E1F17F0CBFEB}.Debug|Any CPU.Build.0 = Debug|Any CPU
		{D333B72F-BACC-46DF-B153-E1F17F0CBFEB}.Release|Any CPU.ActiveCfg = Release|Any CPU
		{D333B72F-BACC-46DF-B153-E1F17F0CBFEB}.Release|Any CPU.Build.0 = Release|Any CPU
		{30AD707D-F8D3-4D13-BE73-222BEDA8C365}.Debug|Any CPU.ActiveCfg = Debug|Any CPU
		{30AD707D-F8D3-4D13-BE73-222BEDA8C365}.Debug|Any CPU.Build.0 = Debug|Any CPU
		{30AD707D-F8D3-4D13-BE73-222BEDA8C365}.Release|Any CPU.ActiveCfg = Release|Any CPU
		{30AD707D-F8D3-4D13-BE73-222BEDA8C365}.Release|Any CPU.Build.0 = Release|Any CPU
		{E14F8A5D-64E2-42B4-B5D4-E43588C00EF4}.Debug|Any CPU.ActiveCfg = Debug|Any CPU
		{E14F8A5D-64E2-42B4-B5D4-E43588C00EF4}.Debug|Any CPU.Build.0 = Debug|Any CPU
		{E14F8A5D-64E2-42B4-B5D4-E43588C00EF4}.Release|Any CPU.ActiveCfg = Release|Any CPU
		{E14F8A5D-64E2-42B4-B5D4-E43588C00EF4}.Release|Any CPU.Build.0 = Release|Any CPU
		{53220B05-143A-4686-8E63-30B58A82D3C3}.Debug|Any CPU.ActiveCfg = Debug|Any CPU
		{53220B05-143A-4686-8E63-30B58A82D3C3}.Debug|Any CPU.Build.0 = Debug|Any CPU
		{53220B05-143A-4686-8E63-30B58A82D3C3}.Release|Any CPU.ActiveCfg = Release|Any CPU
		{53220B05-143A-4686-8E63-30B58A82D3C3}.Release|Any CPU.Build.0 = Release|Any CPU
		{1747DFA1-2D71-4666-A629-7460C67FBFFB}.Debug|Any CPU.ActiveCfg = Debug|Any CPU
		{1747DFA1-2D71-4666-A629-7460C67FBFFB}.Debug|Any CPU.Build.0 = Debug|Any CPU
		{1747DFA1-2D71-4666-A629-7460C67FBFFB}.Release|Any CPU.ActiveCfg = Release|Any CPU
		{1747DFA1-2D71-4666-A629-7460C67FBFFB}.Release|Any CPU.Build.0 = Release|Any CPU
		{89229A9D-F465-4FCA-8E8F-9A4D61009158}.Debug|Any CPU.ActiveCfg = Debug|Any CPU
		{89229A9D-F465-4FCA-8E8F-9A4D61009158}.Debug|Any CPU.Build.0 = Debug|Any CPU
		{89229A9D-F465-4FCA-8E8F-9A4D61009158}.Release|Any CPU.ActiveCfg = Release|Any CPU
		{89229A9D-F465-4FCA-8E8F-9A4D61009158}.Release|Any CPU.Build.0 = Release|Any CPU
		{9E03C554-A038-4328-9053-7C65AD08E9CC}.Debug|Any CPU.ActiveCfg = Debug|Any CPU
		{9E03C554-A038-4328-9053-7C65AD08E9CC}.Debug|Any CPU.Build.0 = Debug|Any CPU
		{9E03C554-A038-4328-9053-7C65AD08E9CC}.Release|Any CPU.ActiveCfg = Release|Any CPU
		{9E03C554-A038-4328-9053-7C65AD08E9CC}.Release|Any CPU.Build.0 = Release|Any CPU
		{521E8077-86AA-4BA8-9ECB-05FCB2C241F0}.Debug|Any CPU.ActiveCfg = Debug|Any CPU
		{521E8077-86AA-4BA8-9ECB-05FCB2C241F0}.Debug|Any CPU.Build.0 = Debug|Any CPU
		{521E8077-86AA-4BA8-9ECB-05FCB2C241F0}.Release|Any CPU.ActiveCfg = Release|Any CPU
		{521E8077-86AA-4BA8-9ECB-05FCB2C241F0}.Release|Any CPU.Build.0 = Release|Any CPU
		{E5356355-2687-4738-9456-368824112988}.Debug|Any CPU.ActiveCfg = Debug|Any CPU
		{E5356355-2687-4738-9456-368824112988}.Debug|Any CPU.Build.0 = Debug|Any CPU
		{E5356355-2687-4738-9456-368824112988}.Release|Any CPU.ActiveCfg = Release|Any CPU
		{E5356355-2687-4738-9456-368824112988}.Release|Any CPU.Build.0 = Release|Any CPU
		{987D60F4-915F-4386-A216-09043838C6F1}.Debug|Any CPU.ActiveCfg = Debug|Any CPU
		{987D60F4-915F-4386-A216-09043838C6F1}.Debug|Any CPU.Build.0 = Debug|Any CPU
		{987D60F4-915F-4386-A216-09043838C6F1}.Release|Any CPU.ActiveCfg = Release|Any CPU
		{987D60F4-915F-4386-A216-09043838C6F1}.Release|Any CPU.Build.0 = Release|Any CPU
		{408B0629-E225-4D5A-97C7-9F4B62051961}.Debug|Any CPU.ActiveCfg = Debug|Any CPU
		{408B0629-E225-4D5A-97C7-9F4B62051961}.Debug|Any CPU.Build.0 = Debug|Any CPU
		{408B0629-E225-4D5A-97C7-9F4B62051961}.Release|Any CPU.ActiveCfg = Release|Any CPU
		{408B0629-E225-4D5A-97C7-9F4B62051961}.Release|Any CPU.Build.0 = Release|Any CPU
		{40AAD063-D8C2-459D-B546-FF4043CAB85E}.Debug|Any CPU.ActiveCfg = Debug|Any CPU
		{40AAD063-D8C2-459D-B546-FF4043CAB85E}.Debug|Any CPU.Build.0 = Debug|Any CPU
		{40AAD063-D8C2-459D-B546-FF4043CAB85E}.Release|Any CPU.ActiveCfg = Release|Any CPU
		{40AAD063-D8C2-459D-B546-FF4043CAB85E}.Release|Any CPU.Build.0 = Release|Any CPU
		{E4D4480A-BBDB-448C-AE21-6E918B008119}.Debug|Any CPU.ActiveCfg = Debug|Any CPU
		{E4D4480A-BBDB-448C-AE21-6E918B008119}.Debug|Any CPU.Build.0 = Debug|Any CPU
		{E4D4480A-BBDB-448C-AE21-6E918B008119}.Release|Any CPU.ActiveCfg = Release|Any CPU
		{E4D4480A-BBDB-448C-AE21-6E918B008119}.Release|Any CPU.Build.0 = Release|Any CPU
		{FB450CBA-5790-4BC1-A202-220D09165B74}.Debug|Any CPU.ActiveCfg = Debug|Any CPU
		{FB450CBA-5790-4BC1-A202-220D09165B74}.Debug|Any CPU.Build.0 = Debug|Any CPU
		{FB450CBA-5790-4BC1-A202-220D09165B74}.Release|Any CPU.ActiveCfg = Release|Any CPU
		{FB450CBA-5790-4BC1-A202-220D09165B74}.Release|Any CPU.Build.0 = Release|Any CPU
		{835B48E5-2A12-43D1-AE35-F63D27E18CD2}.Debug|Any CPU.ActiveCfg = Debug|Any CPU
		{835B48E5-2A12-43D1-AE35-F63D27E18CD2}.Debug|Any CPU.Build.0 = Debug|Any CPU
		{835B48E5-2A12-43D1-AE35-F63D27E18CD2}.Release|Any CPU.ActiveCfg = Release|Any CPU
		{835B48E5-2A12-43D1-AE35-F63D27E18CD2}.Release|Any CPU.Build.0 = Release|Any CPU
		{D039CB30-3C11-4355-A178-16E1887824EF}.Debug|Any CPU.ActiveCfg = Debug|Any CPU
		{D039CB30-3C11-4355-A178-16E1887824EF}.Debug|Any CPU.Build.0 = Debug|Any CPU
		{D039CB30-3C11-4355-A178-16E1887824EF}.Release|Any CPU.ActiveCfg = Release|Any CPU
		{D039CB30-3C11-4355-A178-16E1887824EF}.Release|Any CPU.Build.0 = Release|Any CPU
		{937AF00E-0861-45F5-9E59-A20F00A39867}.Debug|Any CPU.ActiveCfg = Debug|Any CPU
		{937AF00E-0861-45F5-9E59-A20F00A39867}.Debug|Any CPU.Build.0 = Debug|Any CPU
		{937AF00E-0861-45F5-9E59-A20F00A39867}.Release|Any CPU.ActiveCfg = Release|Any CPU
		{937AF00E-0861-45F5-9E59-A20F00A39867}.Release|Any CPU.Build.0 = Release|Any CPU
		{31961EF6-636A-45C0-AE22-2953D168E6E5}.Debug|Any CPU.ActiveCfg = Debug|Any CPU
		{31961EF6-636A-45C0-AE22-2953D168E6E5}.Debug|Any CPU.Build.0 = Debug|Any CPU
		{31961EF6-636A-45C0-AE22-2953D168E6E5}.Release|Any CPU.ActiveCfg = Release|Any CPU
		{31961EF6-636A-45C0-AE22-2953D168E6E5}.Release|Any CPU.Build.0 = Release|Any CPU
		{478F870D-C752-4672-9B9E-0D353181AF22}.Debug|Any CPU.ActiveCfg = Debug|Any CPU
		{478F870D-C752-4672-9B9E-0D353181AF22}.Debug|Any CPU.Build.0 = Debug|Any CPU
		{478F870D-C752-4672-9B9E-0D353181AF22}.Release|Any CPU.ActiveCfg = Release|Any CPU
		{478F870D-C752-4672-9B9E-0D353181AF22}.Release|Any CPU.Build.0 = Release|Any CPU
		{80F7EC1B-7340-4AB3-A777-C5A1F4DDA737}.Debug|Any CPU.ActiveCfg = Debug|Any CPU
		{80F7EC1B-7340-4AB3-A777-C5A1F4DDA737}.Debug|Any CPU.Build.0 = Debug|Any CPU
		{80F7EC1B-7340-4AB3-A777-C5A1F4DDA737}.Release|Any CPU.ActiveCfg = Release|Any CPU
		{80F7EC1B-7340-4AB3-A777-C5A1F4DDA737}.Release|Any CPU.Build.0 = Release|Any CPU
		{3CAC0D37-D71F-4F04-90CF-E6FD0545A451}.Debug|Any CPU.ActiveCfg = Debug|Any CPU
		{3CAC0D37-D71F-4F04-90CF-E6FD0545A451}.Debug|Any CPU.Build.0 = Debug|Any CPU
		{3CAC0D37-D71F-4F04-90CF-E6FD0545A451}.Release|Any CPU.ActiveCfg = Release|Any CPU
		{3CAC0D37-D71F-4F04-90CF-E6FD0545A451}.Release|Any CPU.Build.0 = Release|Any CPU
		{E761BE0F-19CF-428E-ACCB-AE0181157323}.Debug|Any CPU.ActiveCfg = Debug|Any CPU
		{E761BE0F-19CF-428E-ACCB-AE0181157323}.Debug|Any CPU.Build.0 = Debug|Any CPU
		{E761BE0F-19CF-428E-ACCB-AE0181157323}.Release|Any CPU.ActiveCfg = Release|Any CPU
		{E761BE0F-19CF-428E-ACCB-AE0181157323}.Release|Any CPU.Build.0 = Release|Any CPU
	EndGlobalSection
	GlobalSection(SolutionProperties) = preSolution
		HideSolutionNode = FALSE
	EndGlobalSection
	GlobalSection(NestedProjects) = preSolution
		{C0564FAF-A954-4B58-AAB3-E176CE97BC35} = {76C1A6FF-74F0-4474-A6EB-2593B93C2874}
		{A9C1E71F-CD6D-403D-A716-B287B74D4E82} = {76C1A6FF-74F0-4474-A6EB-2593B93C2874}
		{DBDEE019-4817-4027-A068-AC510C3325E7} = {76C1A6FF-74F0-4474-A6EB-2593B93C2874}
		{10F447A8-2224-44FA-9565-5F3724EBBF23} = {8978B5AE-BAF8-41A9-91F9-E80CEFE15E6E}
		{D333B72F-BACC-46DF-B153-E1F17F0CBFEB} = {76C1A6FF-74F0-4474-A6EB-2593B93C2874}
		{30AD707D-F8D3-4D13-BE73-222BEDA8C365} = {8978B5AE-BAF8-41A9-91F9-E80CEFE15E6E}
		{E14F8A5D-64E2-42B4-B5D4-E43588C00EF4} = {8978B5AE-BAF8-41A9-91F9-E80CEFE15E6E}
		{53220B05-143A-4686-8E63-30B58A82D3C3} = {76C1A6FF-74F0-4474-A6EB-2593B93C2874}
		{1747DFA1-2D71-4666-A629-7460C67FBFFB} = {76C1A6FF-74F0-4474-A6EB-2593B93C2874}
		{89229A9D-F465-4FCA-8E8F-9A4D61009158} = {8978B5AE-BAF8-41A9-91F9-E80CEFE15E6E}
		{9E03C554-A038-4328-9053-7C65AD08E9CC} = {76C1A6FF-74F0-4474-A6EB-2593B93C2874}
		{521E8077-86AA-4BA8-9ECB-05FCB2C241F0} = {8978B5AE-BAF8-41A9-91F9-E80CEFE15E6E}
		{E5356355-2687-4738-9456-368824112988} = {76C1A6FF-74F0-4474-A6EB-2593B93C2874}
		{987D60F4-915F-4386-A216-09043838C6F1} = {8978B5AE-BAF8-41A9-91F9-E80CEFE15E6E}
		{408B0629-E225-4D5A-97C7-9F4B62051961} = {76C1A6FF-74F0-4474-A6EB-2593B93C2874}
		{40AAD063-D8C2-459D-B546-FF4043CAB85E} = {76C1A6FF-74F0-4474-A6EB-2593B93C2874}
		{E4D4480A-BBDB-448C-AE21-6E918B008119} = {8978B5AE-BAF8-41A9-91F9-E80CEFE15E6E}
		{FB450CBA-5790-4BC1-A202-220D09165B74} = {8978B5AE-BAF8-41A9-91F9-E80CEFE15E6E}
		{835B48E5-2A12-43D1-AE35-F63D27E18CD2} = {76C1A6FF-74F0-4474-A6EB-2593B93C2874}
		{D039CB30-3C11-4355-A178-16E1887824EF} = {8978B5AE-BAF8-41A9-91F9-E80CEFE15E6E}
		{937AF00E-0861-45F5-9E59-A20F00A39867} = {76C1A6FF-74F0-4474-A6EB-2593B93C2874}
		{31961EF6-636A-45C0-AE22-2953D168E6E5} = {76C1A6FF-74F0-4474-A6EB-2593B93C2874}
		{478F870D-C752-4672-9B9E-0D353181AF22} = {76C1A6FF-74F0-4474-A6EB-2593B93C2874}
		{80F7EC1B-7340-4AB3-A777-C5A1F4DDA737} = {76C1A6FF-74F0-4474-A6EB-2593B93C2874}
		{3CAC0D37-D71F-4F04-90CF-E6FD0545A451} = {76C1A6FF-74F0-4474-A6EB-2593B93C2874}
		{E761BE0F-19CF-428E-ACCB-AE0181157323} = {8978B5AE-BAF8-41A9-91F9-E80CEFE15E6E}
	EndGlobalSection
EndGlobal
